
Microsoft Visual Studio Solution File, Format Version 12.00
# Visual Studio Version 17
VisualStudioVersion = 17.14.36518.9
MinimumVisualStudioVersion = 10.0.40219.1
Project("{FAE04EC0-301F-11D3-BF4B-00C04F79EFBC}") = "project_compiler", "project_compiler.csproj", "{DBA9E444-0FCD-4736-979D-7CFAE1511C39}"
EndProject
Global
	GlobalSection(SolutionConfigurationPlatforms) = preSolution
		Debug|Any CPU = Debug|Any CPU
		Release|Any CPU = Release|Any CPU
	EndGlobalSection
	GlobalSection(ProjectConfigurationPlatforms) = postSolution
		{DBA9E444-0FCD-4736-979D-7CFAE1511C39}.Debug|Any CPU.ActiveCfg = Debug|Any CPU
		{DBA9E444-0FCD-4736-979D-7CFAE1511C39}.Debug|Any CPU.Build.0 = Debug|Any CPU
		{DBA9E444-0FCD-4736-979D-7CFAE1511C39}.Release|Any CPU.ActiveCfg = Release|Any CPU
		{DBA9E444-0FCD-4736-979D-7CFAE1511C39}.Release|Any CPU.Build.0 = Release|Any CPU
	EndGlobalSection
	GlobalSection(SolutionProperties) = preSolution
		HideSolutionNode = FALSE
	EndGlobalSection
	GlobalSection(ExtensibilityGlobals) = postSolution
		SolutionGuid = {956F90CA-4BBB-4C1B-8B2C-72A7693C2161}
	EndGlobalSection
EndGlobal
